{
  "nodes": {
    "eoc": {
      "flake": false,
      "locked": {
        "lastModified": 1704732261,
        "narHash": "sha256-UOwwOpbVQjVraZebqQbq4BPitCKpwcL6s3ywjAfGCaw=",
        "owner": "deemp",
        "repo": "eoc",
        "rev": "c338c36db124212efbb85f31d12e04e04bcde450",
        "type": "github"
      },
      "original": {
        "owner": "deemp",
        "repo": "eoc",
        "type": "github"
      }
    },
    "flake-utils": {
      "inputs": {
        "systems": "systems"
      },
      "locked": {
        "lastModified": 1705309234,
        "narHash": "sha256-uNRRNRKmJyCRC/8y1RqBkqWBLM034y4qN7EprSdmgyA=",
        "owner": "numtide",
        "repo": "flake-utils",
        "rev": "1ef2e671c3b0c19053962c07dbda38332dcebf26",
        "type": "github"
      },
      "original": {
        "owner": "numtide",
        "repo": "flake-utils",
        "type": "github"
      }
    },
    "flakes": {
      "locked": {
        "lastModified": 1704589266,
        "narHash": "sha256-iuqS9ieLQYcTIKT7GHrqBf89yNU6rdYp+ge08ww5zC0=",
        "owner": "deemp",
        "repo": "flakes",
        "rev": "dcb6e49b7c7df2dd381d204a9316572d7087c373",
        "type": "github"
      },
      "original": {
        "owner": "deemp",
        "repo": "flakes",
        "type": "github"
      }
    },
    "maven-wrapper-jar": {
      "flake": false,
      "locked": {
        "narHash": "sha256-O6tlCRB5YmX0T0F240jGhiln1jwkKO8XgyCvtHSq40A=",
        "type": "file",
        "url": "https://repo.maven.apache.org/maven2/org/apache/maven/wrapper/maven-wrapper/3.2.0/maven-wrapper-3.2.0.jar"
      },
      "original": {
        "type": "file",
        "url": "https://repo.maven.apache.org/maven2/org/apache/maven/wrapper/maven-wrapper/3.2.0/maven-wrapper-3.2.0.jar"
      }
    },
    "mdsh": {
      "inputs": {
        "flake-utils": "flake-utils",
        "nixpkgs": "nixpkgs"
      },
      "locked": {
        "lastModified": 1709027374,
        "narHash": "sha256-nx9+tTLliKBPT/TSKTBSYOYxglewOKiw+gYLBvV+9Bg=",
        "owner": "zimbatm",
        "repo": "mdsh",
        "rev": "e15469a23e5e2d3d5658b882b110df7bd75b9615",
        "type": "github"
      },
      "original": {
        "owner": "zimbatm",
        "repo": "mdsh",
        "rev": "e15469a23e5e2d3d5658b882b110df7bd75b9615",
        "type": "github"
      }
    },
    "nixpkgs": {
      "locked": {
        "lastModified": 1708847675,
        "narHash": "sha256-RUZ7KEs/a4EzRELYDGnRB6i7M1Izii3JD/LyzH0c6Tg=",
        "owner": "nixos",
        "repo": "nixpkgs",
        "rev": "2a34566b67bef34c551f204063faeecc444ae9da",
        "type": "github"
      },
      "original": {
        "owner": "nixos",
        "ref": "nixpkgs-unstable",
        "repo": "nixpkgs",
        "type": "github"
      }
    },
    "root": {
      "inputs": {
        "eoc": "eoc",
        "flakes": "flakes",
        "maven-wrapper-jar": "maven-wrapper-jar",
        "mdsh": "mdsh"
      }
    },
    "systems": {
      "locked": {
        "lastModified": 1681028828,
        "narHash": "sha256-Vy1rq5AaRuLzOxct8nz4T6wlgyUR7zLU309k9mBC768=",
        "owner": "nix-systems",
        "repo": "default",
        "rev": "da67096a3b9bf56a91d16901293e51ba5b49a27e",
        "type": "github"
      },
      "original": {
        "owner": "nix-systems",
        "repo": "default",
        "type": "github"
      }
    }
  },
  "root": "root",
  "version": 7
}
